
Microsoft Visual Studio Solution File, Format Version 12.00
# Visual Studio Version 17
VisualStudioVersion = 17.5.002.0
MinimumVisualStudioVersion = 10.0.40219.1
Project("{9A19103F-16F7-4668-BE54-9A1E7A4F7556}") = "Controle-de-Clientes", "Controle-de-Clientes.csproj", "{6AE8D0BF-3E33-41D6-8623-A7CBA9FC2F16}"
EndProject
Global
	GlobalSection(SolutionConfigurationPlatforms) = preSolution
		Debug|Any CPU = Debug|Any CPU
		Release|Any CPU = Release|Any CPU
	EndGlobalSection
	GlobalSection(ProjectConfigurationPlatforms) = postSolution
		{6AE8D0BF-3E33-41D6-8623-A7CBA9FC2F16}.Debug|Any CPU.ActiveCfg = Debug|Any CPU
		{6AE8D0BF-3E33-41D6-8623-A7CBA9FC2F16}.Debug|Any CPU.Build.0 = Debug|Any CPU
		{6AE8D0BF-3E33-41D6-8623-A7CBA9FC2F16}.Release|Any CPU.ActiveCfg = Release|Any CPU
		{6AE8D0BF-3E33-41D6-8623-A7CBA9FC2F16}.Release|Any CPU.Build.0 = Release|Any CPU
	EndGlobalSection
	GlobalSection(SolutionProperties) = preSolution
		HideSolutionNode = FALSE
	EndGlobalSection
	GlobalSection(ExtensibilityGlobals) = postSolution
		SolutionGuid = {62325647-ECE0-4437-AD08-E232DF64F2BF}
	EndGlobalSection
EndGlobal
